{"SurveyEntry":{"SurveyID":"SV_e8S3HyRAxGReLdz","SurveyName":"2020-3-19 - Steinmetz JC Replication","SurveyDescription":null,"SurveyOwnerID":"UR_8Hfl2qh1pHwRvdX","SurveyBrandID":"ucbpsych","DivisionID":null,"SurveyLanguage":"EN","SurveyActiveResponseSet":"RS_eaoUtLf7V5a9iK1","SurveyStatus":"Active","SurveyStartDate":"0000-00-00 00:00:00","SurveyExpirationDate":"0000-00-00 00:00:00","SurveyCreationDate":"2020-03-19 15:08:27","CreatorID":"UR_8Hfl2qh1pHwRvdX","LastModified":"2020-03-19 23:07:30","LastAccessed":"0000-00-00 00:00:00","LastActivated":"2020-03-19 23:07:30","Deleted":null},"SurveyElements":[{"SurveyID":"SV_e8S3HyRAxGReLdz","Element":"BL","PrimaryAttribute":"Survey Blocks","SecondaryAttribute":null,"TertiaryAttribute":null,"Payload":{"0":{"Type":"Default","Description":"intro","ID":"BL_9uc1kUduUboagEB","BlockElements":[{"Type":"Question","QuestionID":"QID1"}]},"1":{"Type":"Trash","Description":"Trash \/ Unused Questions","ID":"BL_4T4eHn7FHieXJd3","BlockElements":[{"Type":"Question","QuestionID":"QID16"},{"Type":"Question","QuestionID":"QID23"},{"Type":"Question","QuestionID":"QID25"}]},"2":{"Type":"Standard","SubType":"","Description":"movie","ID":"BL_cYGkksErCEneP0p","BlockElements":[{"Type":"Question","QuestionID":"QID2"}]},"3":{"Type":"Standard","SubType":"","Description":"instruct","ID":"BL_5szMPEqhIBymS7b","BlockElements":[{"Type":"Question","QuestionID":"QID3"}]},"4":{"Type":"Standard","SubType":"","Description":"order","ID":"BL_6MbHx7pnMJnilwh","BlockElements":[{"Type":"Question","QuestionID":"QID4"},{"Type":"Question","QuestionID":"QID5"},{"Type":"Question","QuestionID":"QID6"}]},"5":{"Type":"Standard","SubType":"","Description":"wait","ID":"BL_6hAFiVuRT7dPKHH","BlockElements":[{"Type":"Question","QuestionID":"QID7"},{"Type":"Question","QuestionID":"QID28"}]},"6":{"Type":"Standard","SubType":"","Description":"emma","ID":"BL_0rCAT0Q9OQ0vfBH","BlockElements":[{"Type":"Question","QuestionID":"QID8"},{"Type":"Question","QuestionID":"QID9"},{"Type":"Question","QuestionID":"QID10"},{"Type":"Question","QuestionID":"QID11"},{"Type":"Question","QuestionID":"QID12"},{"Type":"Question","QuestionID":"QID13"},{"Type":"Question","QuestionID":"QID14"},{"Type":"Question","QuestionID":"QID15"},{"Type":"Question","QuestionID":"QID27"}]},"8":{"Type":"Standard","SubType":"","Description":"check","ID":"BL_5iMEWqIGr1M0Cjj","BlockElements":[{"Type":"Question","QuestionID":"QID17"}]},"9":{"Type":"Standard","SubType":"","Description":"demo","ID":"BL_dimreE2Xv768o05","BlockElements":[{"Type":"Question","QuestionID":"QID18"},{"Type":"Question","QuestionID":"QID19"},{"Type":"Question","QuestionID":"QID20"},{"Type":"Question","QuestionID":"QID21"}]},"10":{"Type":"Standard","SubType":"","Description":"previous","ID":"BL_eaf2SZXB2nsr6MB","BlockElements":[{"Type":"Question","QuestionID":"QID22"}]},"11":{"Type":"Standard","SubType":"","Description":"influence","ID":"BL_cMDG6W3WjCj8DKR","BlockElements":[{"Type":"Question","QuestionID":"QID24"}]},"12":{"Type":"Standard","SubType":"","Description":"computer","ID":"BL_207EgdsqNFEJmm1","BlockElements":[{"Type":"Question","QuestionID":"QID26"}]}}},{"SurveyID":"SV_e8S3HyRAxGReLdz","Element":"FL","PrimaryAttribute":"Survey Flow","SecondaryAttribute":null,"TertiaryAttribute":null,"Payload":{"Type":"Root","FlowID":"FL_1","Flow":[{"Type":"Block","ID":"BL_9uc1kUduUboagEB","FlowID":"FL_2"},{"Type":"BlockRandomizer","FlowID":"FL_12","SubSet":1,"Flow":[{"Type":"EmbeddedData","FlowID":"FL_13","EmbeddedData":[{"Description":"condition","Type":"Custom","Field":"condition","VariableType":"String","DataVisibility":[],"AnalyzeText":false,"Value":"1"}]},{"Type":"EmbeddedData","FlowID":"FL_14","EmbeddedData":[{"Description":"condition","Type":"Custom","Field":"condition","VariableType":"String","DataVisibility":[],"AnalyzeText":false,"Value":"2"}]},{"Type":"EmbeddedData","FlowID":"FL_15","EmbeddedData":[{"Description":"condition","Type":"Custom","Field":"condition","VariableType":"String","DataVisibility":[],"AnalyzeText":false,"Value":"3"}]}]},{"Type":"Standard","ID":"BL_cYGkksErCEneP0p","FlowID":"FL_3"},{"Type":"Standard","ID":"BL_5szMPEqhIBymS7b","FlowID":"FL_4"},{"Type":"Standard","ID":"BL_6MbHx7pnMJnilwh","FlowID":"FL_5"},{"Type":"Standard","ID":"BL_6hAFiVuRT7dPKHH","FlowID":"FL_6"},{"Type":"Standard","ID":"BL_0rCAT0Q9OQ0vfBH","FlowID":"FL_7"},{"ID":"BL_cMDG6W3WjCj8DKR","Type":"Standard","FlowID":"FL_17"},{"Type":"Standard","ID":"BL_5iMEWqIGr1M0Cjj","FlowID":"FL_9"},{"ID":"BL_207EgdsqNFEJmm1","Type":"Standard","FlowID":"FL_18"},{"Type":"Standard","ID":"BL_eaf2SZXB2nsr6MB","FlowID":"FL_11"},{"Type":"Standard","ID":"BL_dimreE2Xv768o05","FlowID":"FL_10"},{"Type":"EndSurvey","FlowID":"FL_16","EndingType":"Advanced","Options":{"Advanced":"true","SurveyTermination":"DisplayMessage","EOSMessageLibrary":"UR_7V89VgURFg4dpQ1","EOSMessage":"MS_8lgSX5RD6i0GDzv"}}],"Properties":{"Count":18,"RemovedFieldsets":[]}}},{"SurveyID":"SV_e8S3HyRAxGReLdz","Element":"SO","PrimaryAttribute":"Survey Options","SecondaryAttribute":null,"TertiaryAttribute":null,"Payload":{"BackButton":"false","SaveAndContinue":"true","SurveyProtection":"PublicSurvey","BallotBoxStuffingPrevention":"true","NoIndex":"Yes","SecureResponseFiles":"true","SurveyExpiration":null,"SurveyTermination":"DefaultMessage","Header":"","Footer":"","ProgressBarDisplay":"None","PartialData":"+1 week","ValidationMessage":null,"PreviousButton":" \u2190 ","NextButton":" \u2192 ","SurveyTitle":"Online Survey Software | Qualtrics Survey Solutions","SkinLibrary":"Qualtrics","SkinType":"MQ","Skin":"v4qualtrics1","NewScoring":1,"EOSMessage":"","ShowExportTags":"false","CollectGeoLocation":"false","SurveyMetaDescription":"Qualtrics sophisticated online survey software solutions make creating online surveys easy. Learn more about Research Suite and get a free account today.","PasswordProtection":"No","AnonymizeResponse":"No","Password":"","RefererCheck":"No","RefererURL":"http:\/\/","BallotBoxStuffingPreventionBehavior":"DefaultMessage","BallotBoxStuffingPreventionMessage":"","BallotBoxStuffingPreventionMessageLibrary":"","BallotBoxStuffingPreventionURL":null,"RecaptchaV3":"false","ConfirmStart":false,"AutoConfirmStart":false,"UseCustomSurveyLinkCompletedMessage":null,"SurveyLinkCompletedMessage":"","SurveyLinkCompletedMessageLibrary":"","ResponseSummary":"No","EOSMessageLibrary":"","EOSRedirectURL":"https:\/\/","EmailThankYou":"false","ThankYouEmailMessageLibrary":null,"ThankYouEmailMessage":null,"ValidateMessage":"false","ValidationMessageLibrary":null,"InactiveSurvey":"DefaultMessage","PartialDataCloseAfter":"LastActivity","ActiveResponseSet":null,"InactiveMessageLibrary":"","InactiveMessage":"","AvailableLanguages":{"EN":[]},"SurveyName":"2020-3-19 - Steinmetz JC Replication","libraryId":"","nextButtonMid":"","previousButtonMid":"","headerMid":"","footerMid":"","QuestionsPerPage":"","PageTransition":"Slide","Autofocus":"false","Autoadvance":"false","AutoadvancePages":"false","ExternalCSS":null,"CustomStyles":{"errorStyles":{"selector":".Skin .ValidationError","styles":{"color":null,"backgroundColor":null,"borderColor":null}},"errorStylesBG":{"selector":".Skin .HeaderValidationError, .Skin .HeaderValidationError li a","styles":{"color":null,"backgroundColor":null}},"pageStyles":{"selector":"#SurveyEngineBody","styles":{"backgroundColor":null}},"textStyles":{"selector":".SkinInner","styles":{"fontFamily":null,"fontSize":null,"fontWeight":null,"fontStyle":null,"textDecoration":null,"color":null}},"questionStyles":{"selector":".Skin .QuestionText","styles":{"fontFamily":null,"fontSize":null,"fontWeight":null,"fontStyle":null,"textDecoration":null,"color":null}},"choiceStyles":{"selector":".Skin .horizontalbar th.ylabel, .Skin .Matrix table td, .Skin .Matrix table th, .Skin .Matrix table thead th, .Skin .Matrix table thead td, .Skin .PGR .DragAndDrop .Items label, .Skin .QuestionBody ul.ChoiceStructure, .Skin .PGR .DragAndDrop .Group ul, .Skin .PGR .DragAndDrop .Group h2, .Skin .PGR .DragAndDrop .Items ul, .Skin .PGR .DragAndDrop .Items h2, .Skin .DD .QuestionBody table.ChoiceStructure, .Skin .PGR .DragAndDrop .NoColumns td.groupsContainerTd div ul, .Skin .PGR .DragAndDrop .NoColumns td.groupsContainerTd div h2, .Skin .SBS thead th, .Skin .SBS td, .Skin .SBS .Answers td, .Skin .SBS .Answers th, .SBS table.ChoiceStructure, .Skin .horizontalbar thead table.LabelDescriptions tr td, .Skin .horizontalbar thead tr td.NotApplicable, .QuestionBody th, .Skin .QuestionBody .MC .MAVR label, .Skin .QuestionBody .MC .SAVR label, .Skin .SBS thead th, .Skin .SBS td, .Skin .RO .DND ul li, .Skin .reg, .SkinInner .ChoiceStructure, .Skin thead, .Skin .GAP .ChoiceStructure thead th, .Skin .GAP .ChoiceStructure .c4, .Skin .GAP .ChoiceStructure th, .Skin .GAP .ChoiceStructure .WhyText, .SkinInner .ChoiceStructure .LightBG, .Skin .QuestionOuter.Highlight .Inner .reg, .Skin .QuestionOuter.Highlight .Inner .alt, .Skin .QuestionOuter.Highlight .Inner .ReadableAlt       ","styles":{"fontFamily":null,"fontSize":null,"fontWeight":null,"fontStyle":null,"textDecoration":null,"color":null}},"headerStyles":{"selector":".Skin div#Header","styles":{"color":null}},"footerStyles":{"selector":".Skin #Footer","styles":{"color":null}},"questionSeparatorStyles":{"selector":".Skin .Separator","styles":{"backgroundColor":null,"display":null}},"highlightStyles":{"selector":".Skin .QuestionOuter.Highlight .Inner, .Skin .QuestionOuter.Highlight .Inner .reg, .Skin .QuestionOuter.Highlight .Inner .alt, .Skin .QuestionOuter.Highlight .Inner .ReadableAlt","styles":{"backgroundColor":null}},"highlightStylesAlt":{"selector":".Skin .QuestionOuter.Highlight .Inner .ReadableAlt, .Skin .QuestionOuter.Highlight .Inner .LightBG","styles":{"backgroundColor":null}},"textEntryStyles":{"selector":".Skin select, .Skin .InputText","styles":{"color":null}},"borderStyles":{"selector":".Skin .CS .horizontalbar table.sliderGrid tr.xlabel th, .Skin .CS .horizontalbar .ylabel, .Skin .CS .horizontalbar table.sliderGrid tr td.value, .Skin .Slider .horizontalbar table.sliderGrid tr.xlabel th, .Skin .BorderColor, .Skin .DarkBorderColor, .Skin .Slider .horizontalbar table.sliderGrid tr td.value, .Skin thead, .Skin .GAP .ChoiceStructure thead th  ","styles":{"borderColor":null}},"altRowStyles":{"selector":".Skin .ReadableAlt, .Skin .LightBG","styles":{"backgroundColor":null}},"customCSS":null},"HighlightQuestions":"off"}},{"SurveyID":"SV_e8S3HyRAxGReLdz","Element":"SCO","PrimaryAttribute":"Scoring","SecondaryAttribute":null,"TertiaryAttribute":null,"Payload":{"ScoringCategories":[],"ScoringCategoryGroups":[],"ScoringSummaryCategory":null,"ScoringSummaryAfterQuestions":0,"ScoringSummaryAfterSurvey":0,"DefaultScoringCategory":null,"AutoScoringCategory":null}},{"SurveyID":"SV_e8S3HyRAxGReLdz","Element":"PROJ","PrimaryAttribute":"CORE","SecondaryAttribute":null,"TertiaryAttribute":"1.1.0","Payload":{"ProjectCategory":"CORE","SchemaVersion":"1.1.0"}},{"SurveyID":"SV_e8S3HyRAxGReLdz","Element":"STAT","PrimaryAttribute":"Survey Statistics","SecondaryAttribute":null,"TertiaryAttribute":null,"Payload":{"MobileCompatible":true,"ID":"Survey Statistics"}},{"SurveyID":"SV_e8S3HyRAxGReLdz","Element":"QC","PrimaryAttribute":"Survey Question Count","SecondaryAttribute":"28","TertiaryAttribute":null,"Payload":null},{"SurveyID":"SV_e8S3HyRAxGReLdz","Element":"SQ","PrimaryAttribute":"QID23","SecondaryAttribute":"Click to write the question text","TertiaryAttribute":null,"Payload":{"QuestionText":"Click to write the question text","DataExportTag":"Q23","QuestionType":"MC","Selector":"SAVR","SubSelector":"TX","Configuration":{"QuestionDescriptionOption":"UseText"},"QuestionDescription":"Click to write the question text","Choices":{"1":{"Display":"Click to write Choice 1"},"2":{"Display":"Click to write Choice 2"},"3":{"Display":"Click to write Choice 3"}},"ChoiceOrder":["1","2","3"],"Validation":{"Settings":{"ForceResponse":"OFF","ForceResponseType":"ON","Type":"None"}},"Language":[],"NextChoiceId":4,"NextAnswerId":1,"QuestionID":"QID23"}},{"SurveyID":"SV_e8S3HyRAxGReLdz","Element":"SQ","PrimaryAttribute":"QID25","SecondaryAttribute":"Click to write the question text","TertiaryAttribute":null,"Payload":{"QuestionText":"Click to write the question text","DataExportTag":"Q25","QuestionType":"MC","Selector":"SAVR","SubSelector":"TX","Configuration":{"QuestionDescriptionOption":"UseText"},"QuestionDescription":"Click to write the question text","Choices":{"1":{"Display":"Click to write Choice 1"},"2":{"Display":"Click to write Choice 2"},"3":{"Display":"Click to write Choice 3"}},"ChoiceOrder":["1","2","3"],"Validation":{"Settings":{"ForceResponse":"OFF","ForceResponseType":"ON","Type":"None"}},"Language":[],"NextChoiceId":4,"NextAnswerId":1,"QuestionID":"QID25"}},{"SurveyID":"SV_e8S3HyRAxGReLdz","Element":"RS","PrimaryAttribute":"RS_eaoUtLf7V5a9iK1","SecondaryAttribute":"Default Response Set","TertiaryAttribute":null,"Payload":null},{"SurveyID":"SV_e8S3HyRAxGReLdz","Element":"SQ","PrimaryAttribute":"QID4","SecondaryAttribute":"Emma, Jenny, Katie, Sofia, Ava, Gaby, and Lisa are a team of seven gymnasts attending the same co...","TertiaryAttribute":null,"Payload":{"QuestionText":"<span style=\"font-size:19px;\"><strong>Emma, Jenny, Katie, Sofia, Ava, Gaby, and Lisa<\/strong> are a team of <strong>seven gymnasts <\/strong>attending the same college. These gymnasts have been practicing and training together with the same gymnastics coach for several months as a group.<\/span>\n<div>&nbsp;<\/div>\n\n<div><span style=\"font-size:19px;\">The coach is trying to decide whether to nominate the team for a national competition. The coach&#39;s decision will be based on each group&#39;s performance in an evaluation that is taking place this evening.<\/span><\/div>\n\n<div>&nbsp;<\/div>\n\n<div><span style=\"font-size:19px;\">In this evaluation, the seven gymnasts each need to demonstrate their skills by taking turns performing their floor routines individually in front of the coach&mdash;in the following order: First (1) <strong>Emma<\/strong>, then (2) <strong>Jenny<\/strong>, (3) <strong>Katie<\/strong>, (4) <strong>Sofia<\/strong>, (5) <strong>Ava<\/strong>, (6) <strong>Gaby<\/strong>, and finally (7) <strong>Lisa<\/strong>. This order was determined randomly, by having the gymnasts pick a number out of a jar.<\/span><\/div>\n\n<div>&nbsp;<\/div>\n\n<div><span style=\"font-size:19px;\">Now, the computer server will select one of the gymnasts and tell you how she performed! Please click proceed to learn about one gymnast&#39;s performance.<\/span><\/div>","DefaultChoices":false,"DataExportTag":"first","QuestionType":"DB","Selector":"TB","Configuration":{"QuestionDescriptionOption":"UseText"},"QuestionDescription":"Emma, Jenny, Katie, Sofia, Ava, Gaby, and Lisa are a team of seven gymnasts attending the same co...","ChoiceOrder":[],"Validation":{"Settings":{"Type":"None"}},"GradingData":[],"Language":[],"NextChoiceId":4,"NextAnswerId":1,"QuestionID":"QID4","DataVisibility":{"Private":false,"Hidden":false},"DisplayLogic":{"0":{"0":{"LogicType":"EmbeddedField","LeftOperand":"condition","Operator":"EqualTo","RightOperand":"1","Type":"Expression","Description":"<span class=\"ConjDesc\">If<\/span>  <span class=\"LeftOpDesc\">condition<\/span> <span class=\"OpDesc\">Is Equal to<\/span> <span class=\"RightOpDesc\"> 1 <\/span>"},"Type":"If"},"Type":"BooleanExpression","inPage":false}}},{"SurveyID":"SV_e8S3HyRAxGReLdz","Element":"SQ","PrimaryAttribute":"QID8","SecondaryAttribute":"Emma, the first gymnast to perform her floor routine, gives a stunning performance. Her entire ro...","TertiaryAttribute":null,"Payload":{"QuestionText":"<span style=\"font-size:19px;\">Emma, the first gymnast to perform her floor routine, gives a stunning performance. Her entire routine is flawless!<\/span>","DefaultChoices":false,"DataExportTag":"emma_first","QuestionType":"DB","Selector":"TB","Configuration":{"QuestionDescriptionOption":"UseText"},"QuestionDescription":"Emma, the first gymnast to perform her floor routine, gives a stunning performance. Her entire ro...","ChoiceOrder":[],"Validation":{"Settings":{"Type":"None"}},"GradingData":[],"Language":[],"NextChoiceId":4,"NextAnswerId":1,"QuestionID":"QID8","DataVisibility":{"Private":false,"Hidden":false},"DisplayLogic":{"0":{"0":{"LogicType":"EmbeddedField","LeftOperand":"condition","Operator":"EqualTo","RightOperand":"1","Type":"Expression","Description":"<span class=\"ConjDesc\">If<\/span>  <span class=\"LeftOpDesc\">condition<\/span> <span class=\"OpDesc\">Is Equal to<\/span> <span class=\"RightOpDesc\"> 1 <\/span>"},"Type":"If"},"Type":"BooleanExpression","inPage":false}}},{"SurveyID":"SV_e8S3HyRAxGReLdz","Element":"SQ","PrimaryAttribute":"QID9","SecondaryAttribute":"Emma, the fourth gymnast to perform her floor routine, gives a stunning performance. Her entire r...","TertiaryAttribute":null,"Payload":{"QuestionText":"<span style=\"font-size:19px;\">Emma, the fourth gymnast to perform her floor routine, gives a stunning performance. Her entire routine is flawless!<\/span>","DefaultChoices":false,"DataExportTag":"emma_middle","QuestionType":"DB","Selector":"TB","DataVisibility":{"Private":false,"Hidden":false},"Configuration":{"QuestionDescriptionOption":"UseText"},"QuestionDescription":"Emma, the fourth gymnast to perform her floor routine, gives a stunning performance. Her entire r...","ChoiceOrder":[],"Validation":{"Settings":{"Type":"None"}},"GradingData":[],"Language":[],"NextChoiceId":4,"NextAnswerId":1,"QuestionID":"QID9","DisplayLogic":{"0":{"0":{"LogicType":"EmbeddedField","LeftOperand":"condition","Operator":"EqualTo","RightOperand":"2","Type":"Expression","Description":"<span class=\"ConjDesc\">If<\/span>  <span class=\"LeftOpDesc\">condition<\/span> <span class=\"OpDesc\">Is Equal to<\/span> <span class=\"RightOpDesc\"> 2 <\/span>"},"Type":"If"},"Type":"BooleanExpression","inPage":false}}},{"SurveyID":"SV_e8S3HyRAxGReLdz","Element":"SQ","PrimaryAttribute":"QID10","SecondaryAttribute":"Emma, the last gymnast to perform her floor routine, gives a stunning performance. Her entire rou...","TertiaryAttribute":null,"Payload":{"QuestionText":"<span style=\"font-size:19px;\">Emma, the last gymnast to perform her floor routine, gives a stunning performance. Her entire routine is flawless!<\/span>","DefaultChoices":false,"DataExportTag":"emma_last","QuestionType":"DB","Selector":"TB","DataVisibility":{"Private":false,"Hidden":false},"Configuration":{"QuestionDescriptionOption":"UseText"},"QuestionDescription":"Emma, the last gymnast to perform her floor routine, gives a stunning performance. Her entire rou...","ChoiceOrder":[],"Validation":{"Settings":{"Type":"None"}},"GradingData":[],"Language":[],"NextChoiceId":4,"NextAnswerId":1,"QuestionID":"QID10","DisplayLogic":{"0":{"0":{"LogicType":"EmbeddedField","LeftOperand":"condition","Operator":"EqualTo","RightOperand":"3","Type":"Expression","Description":"<span class=\"ConjDesc\">If<\/span>  <span class=\"LeftOpDesc\">condition<\/span> <span class=\"OpDesc\">Is Equal to<\/span> <span class=\"RightOpDesc\"> 3 <\/span>"},"Type":"If"},"Type":"BooleanExpression","inPage":false}}},{"SurveyID":"SV_e8S3HyRAxGReLdz","Element":"SQ","PrimaryAttribute":"QID2","SecondaryAttribute":"First, please describe in a few sentences the last movie that you've seen.","TertiaryAttribute":null,"Payload":{"QuestionText":"<span style=\"font-size:19px;\">First, please describe in a few sentences the last movie that you&#39;ve seen.<\/span>","DefaultChoices":false,"DataExportTag":"movie","QuestionType":"TE","Selector":"ESTB","Configuration":{"QuestionDescriptionOption":"UseText","InputWidth":680,"InputHeight":193},"QuestionDescription":"First, please describe in a few sentences the last movie that you've seen.","Validation":{"Settings":{"ForceResponse":"ON","ForceResponseType":"ON","Type":"None"}},"GradingData":[],"Language":[],"NextChoiceId":4,"NextAnswerId":1,"SearchSource":{"AllowFreeResponse":"false"},"QuestionID":"QID2","DataVisibility":{"Private":false,"Hidden":false}}},{"SurveyID":"SV_e8S3HyRAxGReLdz","Element":"SQ","PrimaryAttribute":"QID22","SecondaryAttribute":"Have you ever read about the gymnasts that you saw in this HIT on Amazon Mechanical Turk before?","TertiaryAttribute":null,"Payload":{"QuestionText":"<span style=\"font-size:19px;\">Have you ever read about the gymnasts that you saw in this HIT on Amazon Mechanical Turk before?<\/span>","DataExportTag":"previous","QuestionType":"MC","Selector":"SAVR","SubSelector":"TX","Configuration":{"QuestionDescriptionOption":"UseText","Autoscale":{"YScale":{"Name":"yesNo","Type":"likert","Reverse":false}}},"QuestionDescription":"Have you ever read about the gymnasts that you saw in this HIT on Amazon Mechanical Turk before?","Choices":{"1":{"Display":"Yes"},"2":{"Display":"Maybe"},"3":{"Display":"No"}},"ChoiceOrder":[1,2,3],"Validation":{"Settings":{"ForceResponse":"ON","ForceResponseType":"ON","Type":"None"}},"Language":[],"NextChoiceId":4,"NextAnswerId":1,"QuestionID":"QID22","DataVisibility":{"Private":false,"Hidden":false}}},{"SurveyID":"SV_e8S3HyRAxGReLdz","Element":"SQ","PrimaryAttribute":"QID14","SecondaryAttribute":"How do you think Ava performed in her floor routine?","TertiaryAttribute":null,"Payload":{"QuestionText":"<span style=\"font-size:19px;\">How do you think Ava performed in her floor routine?<\/span>","DataExportTag":"ava","QuestionType":"MC","Selector":"SAHR","SubSelector":"TX","DataVisibility":{"Private":false,"Hidden":false},"Configuration":{"QuestionDescriptionOption":"UseText","LabelPosition":"BELOW"},"QuestionDescription":"How do you think Ava performed in her floor routine?","Choices":{"1":{"Display":"Very poorly<br \/>\n(1)"},"2":{"Display":"(2)"},"3":{"Display":"(3)"},"4":{"Display":"(4)"},"5":{"Display":"(5)"},"6":{"Display":"(6)"},"7":{"Display":"(7)"},"8":{"Display":"(8)"},"9":{"Display":"Very well<br \/>\n(9)"}},"ChoiceOrder":[1,2,3,4,5,6,7,8,9],"Validation":{"Settings":{"ForceResponse":"ON","ForceResponseType":"ON","Type":"None"}},"Language":[],"NextChoiceId":10,"NextAnswerId":1,"QuestionID":"QID14"}},{"SurveyID":"SV_e8S3HyRAxGReLdz","Element":"SQ","PrimaryAttribute":"QID15","SecondaryAttribute":"How do you think Gaby performed in her floor routine?","TertiaryAttribute":null,"Payload":{"QuestionText":"<span style=\"font-size:19px;\">How do you think Gaby performed in her floor routine?<\/span>","DataExportTag":"gaby","QuestionType":"MC","Selector":"SAHR","SubSelector":"TX","DataVisibility":{"Private":false,"Hidden":false},"Configuration":{"QuestionDescriptionOption":"UseText","LabelPosition":"BELOW"},"QuestionDescription":"How do you think Gaby performed in her floor routine?","Choices":{"1":{"Display":"Very poorly<br \/>\n(1)"},"2":{"Display":"(2)"},"3":{"Display":"(3)"},"4":{"Display":"(4)"},"5":{"Display":"(5)"},"6":{"Display":"(6)"},"7":{"Display":"(7)"},"8":{"Display":"(8)"},"9":{"Display":"Very well<br \/>\n(9)"}},"ChoiceOrder":[1,2,3,4,5,6,7,8,9],"Validation":{"Settings":{"ForceResponse":"ON","ForceResponseType":"ON","Type":"None"}},"Language":[],"NextChoiceId":10,"NextAnswerId":1,"QuestionID":"QID15"}},{"SurveyID":"SV_e8S3HyRAxGReLdz","Element":"SQ","PrimaryAttribute":"QID11","SecondaryAttribute":"How do you think Jenny performed in her floor routine?","TertiaryAttribute":null,"Payload":{"QuestionText":"<span style=\"font-size:19px;\">How do you think Jenny performed in her floor routine?<\/span>","DataExportTag":"jenny","QuestionType":"MC","Selector":"SAHR","SubSelector":"TX","Configuration":{"QuestionDescriptionOption":"UseText","LabelPosition":"BELOW"},"QuestionDescription":"How do you think Jenny performed in her floor routine?","Choices":{"1":{"Display":"Very poorly<br \/>\n(1)"},"2":{"Display":"(2)"},"3":{"Display":"(3)"},"4":{"Display":"(4)"},"5":{"Display":"(5)"},"6":{"Display":"(6)"},"7":{"Display":"(7)"},"8":{"Display":"(8)"},"9":{"Display":"Very well<br \/>\n(9)"}},"ChoiceOrder":[1,2,3,4,5,6,7,8,9],"Validation":{"Settings":{"ForceResponse":"ON","ForceResponseType":"ON","Type":"None"}},"Language":[],"NextChoiceId":10,"NextAnswerId":1,"QuestionID":"QID11"}},{"SurveyID":"SV_e8S3HyRAxGReLdz","Element":"SQ","PrimaryAttribute":"QID12","SecondaryAttribute":"How do you think Katie performed in her floor routine?","TertiaryAttribute":null,"Payload":{"QuestionText":"<span style=\"font-size:19px;\">How do you think Katie performed in her floor routine?<\/span>","DataExportTag":"katie","QuestionType":"MC","Selector":"SAHR","SubSelector":"TX","DataVisibility":{"Private":false,"Hidden":false},"Configuration":{"QuestionDescriptionOption":"UseText","LabelPosition":"BELOW"},"QuestionDescription":"How do you think Katie performed in her floor routine?","Choices":{"1":{"Display":"Very poorly<br \/>\n(1)"},"2":{"Display":"(2)"},"3":{"Display":"(3)"},"4":{"Display":"(4)"},"5":{"Display":"(5)"},"6":{"Display":"(6)"},"7":{"Display":"(7)"},"8":{"Display":"(8)"},"9":{"Display":"Very well<br \/>\n(9)"}},"ChoiceOrder":[1,2,3,4,5,6,7,8,9],"Validation":{"Settings":{"ForceResponse":"ON","ForceResponseType":"ON","Type":"None"}},"Language":[],"NextChoiceId":10,"NextAnswerId":1,"QuestionID":"QID12"}},{"SurveyID":"SV_e8S3HyRAxGReLdz","Element":"SQ","PrimaryAttribute":"QID16","SecondaryAttribute":"How do you think Lisa performed in her floor routine?","TertiaryAttribute":null,"Payload":{"QuestionText":"<span style=\"font-size:19px;\">How do you think Lisa performed in her floor routine?<\/span>","DataExportTag":"lisa","QuestionType":"MC","Selector":"SAHR","SubSelector":"TX","DataVisibility":{"Private":false,"Hidden":false},"Configuration":{"QuestionDescriptionOption":"UseText","LabelPosition":"BELOW"},"QuestionDescription":"How do you think Lisa performed in her floor routine?","Choices":{"1":{"Display":"Very poorly<br \/>\n(1)"},"2":{"Display":"(2)"},"3":{"Display":"(3)"},"4":{"Display":"(4)"},"5":{"Display":"(5)"},"6":{"Display":"(6)"},"7":{"Display":"(7)"},"8":{"Display":"(8)"},"9":{"Display":"Very well<br \/>\n(9)"}},"ChoiceOrder":[1,2,3,4,5,6,7,8,9],"Validation":{"Settings":{"ForceResponse":"ON","ForceResponseType":"ON","Type":"None"}},"Language":[],"NextChoiceId":10,"NextAnswerId":1,"QuestionID":"QID16"}},{"SurveyID":"SV_e8S3HyRAxGReLdz","Element":"SQ","PrimaryAttribute":"QID27","SecondaryAttribute":"How do you think Lisa performed in her floor routine?","TertiaryAttribute":null,"Payload":{"QuestionText":"<span style=\"font-size:19px;\">How do you think Lisa performed in her floor routine?<\/span>","DataExportTag":"Lisa","QuestionType":"MC","Selector":"SAHR","SubSelector":"TX","DataVisibility":{"Private":false,"Hidden":false},"Configuration":{"QuestionDescriptionOption":"UseText","LabelPosition":"BELOW"},"QuestionDescription":"How do you think Lisa performed in her floor routine?","Choices":{"1":{"Display":"Very poorly<br \/>\n(1)"},"2":{"Display":"(2)"},"3":{"Display":"(3)"},"4":{"Display":"(4)"},"5":{"Display":"(5)"},"6":{"Display":"(6)"},"7":{"Display":"(7)"},"8":{"Display":"(8)"},"9":{"Display":"Very well<br \/>\n(9)"}},"ChoiceOrder":[1,2,3,4,5,6,7,8,9],"Validation":{"Settings":{"ForceResponse":"ON","ForceResponseType":"ON","Type":"None"}},"Language":[],"NextChoiceId":10,"NextAnswerId":1,"QuestionID":"QID27"}},{"SurveyID":"SV_e8S3HyRAxGReLdz","Element":"SQ","PrimaryAttribute":"QID13","SecondaryAttribute":"How do you think Sofia performed in her floor routine?","TertiaryAttribute":null,"Payload":{"QuestionText":"<span style=\"font-size:19px;\">How do you think Sofia performed in her floor routine?<\/span>","DataExportTag":"sofia","QuestionType":"MC","Selector":"SAHR","SubSelector":"TX","DataVisibility":{"Private":false,"Hidden":false},"Configuration":{"QuestionDescriptionOption":"UseText","LabelPosition":"BELOW"},"QuestionDescription":"How do you think Sofia performed in her floor routine?","Choices":{"1":{"Display":"Very poorly<br \/>\n(1)"},"2":{"Display":"(2)"},"3":{"Display":"(3)"},"4":{"Display":"(4)"},"5":{"Display":"(5)"},"6":{"Display":"(6)"},"7":{"Display":"(7)"},"8":{"Display":"(8)"},"9":{"Display":"Very well<br \/>\n(9)"}},"ChoiceOrder":[1,2,3,4,5,6,7,8,9],"Validation":{"Settings":{"ForceResponse":"ON","ForceResponseType":"ON","Type":"None"}},"Language":[],"NextChoiceId":10,"NextAnswerId":1,"QuestionID":"QID13"}},{"SurveyID":"SV_e8S3HyRAxGReLdz","Element":"SQ","PrimaryAttribute":"QID20","SecondaryAttribute":"How old are you?","TertiaryAttribute":null,"Payload":{"QuestionText":"<span style=\"font-size:19px;\">How old are you?<\/span>","DefaultChoices":false,"DataExportTag":"age","QuestionType":"TE","Selector":"SL","Configuration":{"QuestionDescriptionOption":"UseText"},"QuestionDescription":"How old are you?","Validation":{"Settings":{"ForceResponse":"OFF","ForceResponseType":"ON","Type":"None"}},"GradingData":[],"Language":[],"NextChoiceId":4,"NextAnswerId":1,"SearchSource":{"AllowFreeResponse":"false"},"QuestionID":"QID20","DataVisibility":{"Private":false,"Hidden":false}}},{"SurveyID":"SV_e8S3HyRAxGReLdz","Element":"SQ","PrimaryAttribute":"QID24","SecondaryAttribute":"In the scenario that you read: How much of an impact does Emma have on the group's performance?","TertiaryAttribute":null,"Payload":{"QuestionText":"<div><span style=\"font-size:19px;\">In the scenario that you read:<\/span><\/div><span style=\"font-size:19px;\"><div><span style=\"font-size:19px;\"><br><\/span><\/div>How much of an impact does Emma have on the group's performance?<\/span>","DataExportTag":"influence","QuestionType":"MC","Selector":"SAHR","SubSelector":"TX","DataVisibility":{"Private":false,"Hidden":false},"Configuration":{"QuestionDescriptionOption":"UseText","LabelPosition":"BELOW"},"QuestionDescription":"In the scenario that you read: How much of an impact does Emma have on the group's performance?","Choices":{"1":{"Display":"Very small impact<br \/>\n(1)"},"2":{"Display":"(2)"},"3":{"Display":"(3)"},"4":{"Display":"(4)"},"5":{"Display":"(5)"},"6":{"Display":"(6)"},"7":{"Display":"(7)"},"8":{"Display":"(8)"},"9":{"Display":"Very large impact<br \/>\n(9)"}},"ChoiceOrder":[1,2,3,4,5,6,7,8,9],"Validation":{"Settings":{"ForceResponse":"ON","ForceResponseType":"ON","Type":"None"}},"Language":[],"NextChoiceId":10,"NextAnswerId":1,"QuestionID":"QID24"}},{"SurveyID":"SV_e8S3HyRAxGReLdz","Element":"SQ","PrimaryAttribute":"QID17","SecondaryAttribute":"In the scenario, what determined the order in which the gymnasts performed their floor routine?","TertiaryAttribute":null,"Payload":{"QuestionText":"<span style=\"font-size:19px;\">In the scenario, what determined the order in which the gymnasts performed their floor routine?<\/span>","DataExportTag":"check","QuestionType":"MC","Selector":"SAVR","SubSelector":"TX","Configuration":{"QuestionDescriptionOption":"UseText"},"QuestionDescription":"In the scenario, what determined the order in which the gymnasts performed their floor routine?","Choices":{"1":{"Display":"The best gymnast performed first"},"2":{"Display":"The gymnasts picked numbers out of a jar"},"3":{"Display":"The gymnasts chose the order among themselves"},"4":{"Display":"I don't remember"}},"ChoiceOrder":[1,2,3,4],"Validation":{"Settings":{"ForceResponse":"ON","ForceResponseType":"ON","Type":"None"}},"RecodeValues":{"1":"1","2":"2","3":"3","4":"4"},"Language":[],"NextChoiceId":5,"NextAnswerId":1,"QuestionID":"QID17"}},{"SurveyID":"SV_e8S3HyRAxGReLdz","Element":"SQ","PrimaryAttribute":"QID26","SecondaryAttribute":"In the scenario, what determined which one of the gymnasts you learned about?","TertiaryAttribute":null,"Payload":{"QuestionText":"<span style=\"font-size:19px;\">In the scenario, what determined which one of the gymnasts you learned about?<\/span>","DataExportTag":"computer","QuestionType":"MC","Selector":"SAVR","SubSelector":"TX","DataVisibility":{"Private":false,"Hidden":false},"Configuration":{"QuestionDescriptionOption":"UseText"},"QuestionDescription":"In the scenario, what determined which one of the gymnasts you learned about?","Choices":{"1":{"Display":"The computer server randomly picked a gymnast"},"2":{"Display":"I learned about the team captain"},"3":{"Display":"The coach of the team picked a gymnast"},"4":{"Display":"I don't remember"}},"ChoiceOrder":[1,2,3,4],"Validation":{"Settings":{"ForceResponse":"ON","ForceResponseType":"ON","Type":"None"}},"RecodeValues":{"1":"1","2":"2","3":"3","4":"4"},"Language":[],"NextChoiceId":5,"NextAnswerId":1,"QuestionID":"QID26"}},{"SurveyID":"SV_e8S3HyRAxGReLdz","Element":"SQ","PrimaryAttribute":"QID3","SecondaryAttribute":"In this study, you will be asked to read a scenario, answer a few questions about the scenario, a...","TertiaryAttribute":null,"Payload":{"QuestionText":"<span style=\"font-size:19px;\">In this study, you will be asked to read a scenario, answer a few questions about the scenario, and to provide demographic information. <b>Please proceed to the next screen to read the scenario...<\/b><\/span>","DefaultChoices":false,"DataExportTag":"instruct","QuestionType":"DB","Selector":"TB","Configuration":{"QuestionDescriptionOption":"UseText"},"QuestionDescription":"In this study, you will be asked to read a scenario, answer a few questions about the scenario, a...","ChoiceOrder":[],"Validation":{"Settings":{"Type":"None"}},"GradingData":[],"Language":[],"NextChoiceId":4,"NextAnswerId":1,"QuestionID":"QID3"}},{"SurveyID":"SV_e8S3HyRAxGReLdz","Element":"SQ","PrimaryAttribute":"QID6","SecondaryAttribute":"Jenny, Katie, Sofia, Ava, Gaby, Lisa, and Emma are a team of seven gymnasts attending the same co...","TertiaryAttribute":null,"Payload":{"QuestionText":"<span style=\"font-size:19px;\"><strong>Jenny, Katie, Sofia, Ava, Gaby, Lisa, and Emma<\/strong> are a team of <strong>seven gymnasts <\/strong>attending the same college. These gymnasts have been practicing and training together with the same gymnastics coach for several months as a group.<\/span>\n<div>&nbsp;<\/div>\n\n<div><span style=\"font-size:19px;\">The coach is trying to decide whether to nominate the team for a national competition. The coach's decision will be based on each group's performance in an evaluation that is taking place this evening.<\/span><\/div>\n\n<div>&nbsp;<\/div>\n\n<div><span style=\"font-size:19px;\">In this evaluation, the seven gymnasts each need to demonstrate their skills by taking turns performing their floor routines individually in front of the coach\u2014in the following order: First (1) <strong>Jenny<\/strong>, then (2) <strong>Katie<\/strong>, (3) <strong>Sofia<\/strong>, (4) <strong>Ava<\/strong>, (5) <strong>Gaby<\/strong>, (6) <strong>Lisa<\/strong>, and finally (7) <strong>Emma<\/strong>. This order was determined randomly, by having the gymnasts pick a number out of a jar.<\/span><\/div>\n\n<div>&nbsp;<\/div>\n\n<div><span style=\"font-size:19px;\">Now, the computer server will select one of the gymnasts and tell you how she performed! Please click proceed to learn about one gymnast's performance.<\/span><\/div>","DefaultChoices":false,"DataExportTag":"last","QuestionType":"DB","Selector":"TB","DataVisibility":{"Private":false,"Hidden":false},"Configuration":{"QuestionDescriptionOption":"UseText"},"QuestionDescription":"Jenny, Katie, Sofia, Ava, Gaby, Lisa, and Emma are a team of seven gymnasts attending the same co...","ChoiceOrder":[],"Validation":{"Settings":{"Type":"None"}},"GradingData":[],"Language":[],"NextChoiceId":4,"NextAnswerId":1,"QuestionID":"QID6","DisplayLogic":{"0":{"0":{"LogicType":"EmbeddedField","LeftOperand":"condition","Operator":"EqualTo","RightOperand":"3","Type":"Expression","Description":"<span class=\"ConjDesc\">If<\/span>  <span class=\"LeftOpDesc\">condition<\/span> <span class=\"OpDesc\">Is Equal to<\/span> <span class=\"RightOpDesc\"> 3 <\/span>"},"Type":"If"},"Type":"BooleanExpression","inPage":false}}},{"SurveyID":"SV_e8S3HyRAxGReLdz","Element":"SQ","PrimaryAttribute":"QID5","SecondaryAttribute":"Jenny, Katie, Sofia, Emma, Ava, Gaby, and Lisa are a team of seven gymnasts attending the same co...","TertiaryAttribute":null,"Payload":{"QuestionText":"<span style=\"font-size:19px;\"><strong>Jenny, Katie, Sofia, Emma, Ava, Gaby, and Lisa<\/strong> are a team of <strong>seven gymnasts <\/strong>attending the same college. These gymnasts have been practicing and training together with the same gymnastics coach for several months as a group.<\/span>\n<div>&nbsp;<\/div>\n\n<div><span style=\"font-size:19px;\">The coach is trying to decide whether to nominate the team for a national competition. The coach's decision will be based on each group's performance in an evaluation that is taking place this evening.<\/span><\/div>\n\n<div>&nbsp;<\/div>\n\n<div><span style=\"font-size:19px;\">In this evaluation, the seven gymnasts each need to demonstrate their skills by taking turns performing their floor routines individually in front of the coach\u2014in the following order: First (1) <strong>Jenny<\/strong>, then (2) <strong>Katie<\/strong>, (3) <strong>Sofia<\/strong>, (4) <strong>Emma<\/strong>, (5) <strong>Ava<\/strong>, (6) <strong>Gaby<\/strong>, and finally (7) <strong>Lisa<\/strong>. This order was determined randomly, by having the gymnasts pick a number out of a jar.<\/span><\/div>\n\n<div>&nbsp;<\/div>\n\n<div><span style=\"font-size:19px;\">Now, the computer server will select one of the gymnasts and tell you how she performed! Please click proceed to learn about one gymnast's performance.<\/span><\/div>","DefaultChoices":false,"DataExportTag":"middle","QuestionType":"DB","Selector":"TB","DataVisibility":{"Private":false,"Hidden":false},"Configuration":{"QuestionDescriptionOption":"UseText"},"QuestionDescription":"Jenny, Katie, Sofia, Emma, Ava, Gaby, and Lisa are a team of seven gymnasts attending the same co...","ChoiceOrder":[],"Validation":{"Settings":{"Type":"None"}},"GradingData":[],"Language":[],"NextChoiceId":4,"NextAnswerId":1,"QuestionID":"QID5","DisplayLogic":{"0":{"0":{"LogicType":"EmbeddedField","LeftOperand":"condition","Operator":"EqualTo","RightOperand":"2","Type":"Expression","Description":"<span class=\"ConjDesc\">If<\/span>  <span class=\"LeftOpDesc\">condition<\/span> <span class=\"OpDesc\">Is Equal to<\/span> <span class=\"RightOpDesc\"> 2 <\/span>"},"Type":"If"},"Type":"BooleanExpression","inPage":false}}},{"SurveyID":"SV_e8S3HyRAxGReLdz","Element":"SQ","PrimaryAttribute":"QID18","SecondaryAttribute":"Now, I would like to ask you a few questions about yourself.","TertiaryAttribute":null,"Payload":{"QuestionText":"<span style=\"font-size:19px;\">Now, I would like to ask you a few questions about yourself.<\/span>","DefaultChoices":false,"DataExportTag":"demo1","QuestionType":"DB","Selector":"TB","Configuration":{"QuestionDescriptionOption":"UseText"},"QuestionDescription":"Now, I would like to ask you a few questions about yourself.","ChoiceOrder":[],"Validation":{"Settings":{"Type":"None"}},"GradingData":[],"Language":[],"NextChoiceId":11,"NextAnswerId":1,"QuestionID":"QID18","DataVisibility":{"Private":false,"Hidden":false}}},{"SurveyID":"SV_e8S3HyRAxGReLdz","Element":"SQ","PrimaryAttribute":"QID7","SecondaryAttribute":"Please wait a moment for the server to select one gymnast... \u00a0","TertiaryAttribute":null,"Payload":{"QuestionText":"<div style=\"text-align: center;\"><span style=\"font-size:19px;\">Please wait a moment for the server to select one gymnast...<\/span><\/div>\n\n<div style=\"text-align: center;\">&nbsp;<\/div>\n\n<div style=\"text-align: center;\"><img src=\"https:\/\/berkeley.qualtrics.com\/CP\/Graphic.php?IM=IM_3luZzzKZB7VN2YZ\" style=\"width: 90px; height: 62px;\" \/><\/div>","DefaultChoices":false,"DataExportTag":"wait","QuestionType":"DB","Selector":"TB","Configuration":{"QuestionDescriptionOption":"UseText"},"QuestionDescription":"Please wait a moment for the server to select one gymnast... \u00a0","ChoiceOrder":[],"Validation":{"Settings":{"Type":"None"}},"GradingData":[],"Language":[],"NextChoiceId":4,"NextAnswerId":1,"QuestionID":"QID7"}},{"SurveyID":"SV_e8S3HyRAxGReLdz","Element":"SQ","PrimaryAttribute":"QID1","SecondaryAttribute":"Thank you for your participation in our research. This HIT should take you no longer than 3 minut...","TertiaryAttribute":null,"Payload":{"QuestionText":"<span style=\"font-size:19px;\">Thank you for your participation in our research.<br>\n<br>\nThis HIT should take you no longer than 3 minutes.<br>\n<br>\nPlease pay attention and read all of the questions to the best of your ability.<br>\n<br>\nAt the end of this HIT, you will receive a code that you can enter on Amazon Mechanical Turk to receive credit for this HIT.<br>\n<br>\nPlease click the '&gt;&gt;' to being the survey.<\/span>","DefaultChoices":false,"DataExportTag":"intro","QuestionType":"DB","Selector":"TB","Configuration":{"QuestionDescriptionOption":"UseText"},"QuestionDescription":"Thank you for your participation in our research. This HIT should take you no longer than 3 minut...","ChoiceOrder":[],"Validation":{"Settings":{"Type":"None"}},"GradingData":[],"Language":[],"NextChoiceId":4,"NextAnswerId":1,"QuestionID":"QID1","DataVisibility":{"Private":false,"Hidden":false}}},{"SurveyID":"SV_e8S3HyRAxGReLdz","Element":"SQ","PrimaryAttribute":"QID28","SecondaryAttribute":"Timing","TertiaryAttribute":null,"Payload":{"QuestionText":"Timing","DefaultChoices":false,"DataExportTag":"Q28","QuestionType":"Timing","Selector":"PageTimer","Configuration":{"QuestionDescriptionOption":"UseText","MinSeconds":9,"MaxSeconds":8},"QuestionDescription":"Timing","Choices":{"1":{"Display":"First Click"},"2":{"Display":"Last Click"},"3":{"Display":"Page Submit"},"4":{"Display":"Click Count"}},"GradingData":[],"Language":[],"NextChoiceId":168,"NextAnswerId":1,"QuestionID":"QID28"}},{"SurveyID":"SV_e8S3HyRAxGReLdz","Element":"SQ","PrimaryAttribute":"QID19","SecondaryAttribute":"What is your gender?","TertiaryAttribute":null,"Payload":{"QuestionText":"<span style=\"font-size:19px;\">What is your gender?<\/span>","DataExportTag":"gender","QuestionType":"MC","Selector":"SAVR","SubSelector":"TX","Configuration":{"QuestionDescriptionOption":"UseText","Autoscale":{"YScale":{"Name":"maleFemale","Type":"likert","Reverse":false}}},"QuestionDescription":"What is your gender?","Choices":{"1":{"Display":"Male"},"2":{"Display":"Female"},"3":{"Display":"Nonbinary"}},"ChoiceOrder":[1,2,3],"Validation":{"Settings":{"ForceResponse":"OFF","ForceResponseType":"ON","Type":"None"}},"Language":[],"NextChoiceId":4,"NextAnswerId":1,"QuestionID":"QID19","DataVisibility":{"Private":false,"Hidden":false}}},{"SurveyID":"SV_e8S3HyRAxGReLdz","Element":"SQ","PrimaryAttribute":"QID21","SecondaryAttribute":"What is your MTurk ID?","TertiaryAttribute":null,"Payload":{"QuestionText":"<span style=\"font-size:19px;\">What is your MTurk ID?<\/span>","DefaultChoices":false,"DataExportTag":"Q21","QuestionType":"TE","Selector":"SL","Configuration":{"QuestionDescriptionOption":"UseText"},"QuestionDescription":"What is your MTurk ID?","Validation":{"Settings":{"ForceResponse":"OFF","ForceResponseType":"ON","Type":"None"}},"GradingData":[],"Language":[],"NextChoiceId":4,"NextAnswerId":1,"SearchSource":{"AllowFreeResponse":"false"},"QuestionID":"QID21","DataVisibility":{"Private":false,"Hidden":false}}}]}